
Microsoft Visual Studio Solution File, Format Version 12.00
# Visual Studio Version 16
VisualStudioVersion = 16.0.30907.101
MinimumVisualStudioVersion = 10.0.40219.1
Project("{FAE04EC0-301F-11D3-BF4B-00C04F79EFBC}") = "MonteCarloUnitCircleSimulation", "MonteCarloUnitCircleSimulation.csproj", "{D58330AD-521E-45D2-B37C-63C3B6AC9D55}"
EndProject
Global
	GlobalSection(SolutionConfigurationPlatforms) = preSolution
		Debug|Any CPU = Debug|Any CPU
		Release|Any CPU = Release|Any CPU
	EndGlobalSection
	GlobalSection(ProjectConfigurationPlatforms) = postSolution
		{D58330AD-521E-45D2-B37C-63C3B6AC9D55}.Debug|Any CPU.ActiveCfg = Debug|Any CPU
		{D58330AD-521E-45D2-B37C-63C3B6AC9D55}.Debug|Any CPU.Build.0 = Debug|Any CPU
		{D58330AD-521E-45D2-B37C-63C3B6AC9D55}.Release|Any CPU.ActiveCfg = Release|Any CPU
		{D58330AD-521E-45D2-B37C-63C3B6AC9D55}.Release|Any CPU.Build.0 = Release|Any CPU
	EndGlobalSection
	GlobalSection(SolutionProperties) = preSolution
		HideSolutionNode = FALSE
	EndGlobalSection
	GlobalSection(ExtensibilityGlobals) = postSolution
		SolutionGuid = {1FCB42E8-3D78-4548-87F5-93706651B089}
	EndGlobalSection
EndGlobal
